
Microsoft Visual Studio Solution File, Format Version 11.00
# Visual Studio 2010
Project("{FAE04EC0-301F-11D3-BF4B-00C04F79EFBC}") = "ComputerInventory", "ComputerInventory\ComputerInventory.csproj", "{DC3B6231-4980-4D30-831D-ED89501BCA88}"
EndProject
Global
	GlobalSection(SolutionConfigurationPlatforms) = preSolution
		Debug|x86 = Debug|x86
		Release|x86 = Release|x86
	EndGlobalSection
	GlobalSection(ProjectConfigurationPlatforms) = postSolution
		{DC3B6231-4980-4D30-831D-ED89501BCA88}.Debug|x86.ActiveCfg = Debug|x86
		{DC3B6231-4980-4D30-831D-ED89501BCA88}.Debug|x86.Build.0 = Debug|x86
		{DC3B6231-4980-4D30-831D-ED89501BCA88}.Release|x86.ActiveCfg = Release|x86
		{DC3B6231-4980-4D30-831D-ED89501BCA88}.Release|x86.Build.0 = Release|x86
	EndGlobalSection
	GlobalSection(SolutionProperties) = preSolution
		HideSolutionNode = FALSE
	EndGlobalSection
EndGlobal
